
Microsoft Visual Studio Solution File, Format Version 11.00
# Visual Studio 2010
Project("{FAE04EC0-301F-11D3-BF4B-00C04F79EFBC}") = "Tools", "Tools.csproj", "{1895D405-80E5-C93B-D5FC-7F2FF4567D05}"
EndProject
Project("{FAE04EC0-301F-11D3-BF4B-00C04F79EFBC}") = "Assembly-CSharp", "Assembly-CSharp.csproj", "{3A6922A9-E7CB-B24C-2B27-2ACEDA6DE62C}"
EndProject
Project("{FAE04EC0-301F-11D3-BF4B-00C04F79EFBC}") = "NavMeshComponents", "NavMeshComponents.csproj", "{D7C556AB-EEF1-E1C2-3273-685E805E6AAD}"
EndProject
Project("{FAE04EC0-301F-11D3-BF4B-00C04F79EFBC}") = "MapMagic", "MapMagic.csproj", "{69506E04-779A-0E38-0182-35AAFFBEC68E}"
EndProject
Project("{FAE04EC0-301F-11D3-BF4B-00C04F79EFBC}") = "Tools.Editor", "Tools.Editor.csproj", "{542E535F-0CDF-0252-FEA3-50A9C72EFDCD}"
EndProject
Project("{FAE04EC0-301F-11D3-BF4B-00C04F79EFBC}") = "NavMeshComponentsEditor", "NavMeshComponentsEditor.csproj", "{FA3A1D03-32D8-1481-8020-E41952151DEA}"
EndProject
Project("{FAE04EC0-301F-11D3-BF4B-00C04F79EFBC}") = "MapMagic.Editor", "MapMagic.Editor.csproj", "{4F6FE367-DEFF-1A73-233D-EF93E4C82B0A}"
EndProject
Project("{FAE04EC0-301F-11D3-BF4B-00C04F79EFBC}") = "Assembly-CSharp-Editor", "Assembly-CSharp-Editor.csproj", "{DB3B9D55-1D02-B845-B50E-8915D2787B5C}"
EndProject
Project("{FAE04EC0-301F-11D3-BF4B-00C04F79EFBC}") = "MapMagic.Settings", "MapMagic.Settings.csproj", "{EB672F6D-14E4-8AFE-40AB-9C26D0DB1825}"
EndProject
Global
	GlobalSection(SolutionConfigurationPlatforms) = preSolution
		Debug|Any CPU = Debug|Any CPU
		Release|Any CPU = Release|Any CPU
	EndGlobalSection
	GlobalSection(ProjectConfigurationPlatforms) = postSolution
		{1895D405-80E5-C93B-D5FC-7F2FF4567D05}.Debug|Any CPU.ActiveCfg = Debug|Any CPU
		{1895D405-80E5-C93B-D5FC-7F2FF4567D05}.Debug|Any CPU.Build.0 = Debug|Any CPU
		{1895D405-80E5-C93B-D5FC-7F2FF4567D05}.Release|Any CPU.ActiveCfg = Release|Any CPU
		{1895D405-80E5-C93B-D5FC-7F2FF4567D05}.Release|Any CPU.Build.0 = Release|Any CPU
		{3A6922A9-E7CB-B24C-2B27-2ACEDA6DE62C}.Debug|Any CPU.ActiveCfg = Debug|Any CPU
		{3A6922A9-E7CB-B24C-2B27-2ACEDA6DE62C}.Debug|Any CPU.Build.0 = Debug|Any CPU
		{3A6922A9-E7CB-B24C-2B27-2ACEDA6DE62C}.Release|Any CPU.ActiveCfg = Release|Any CPU
		{3A6922A9-E7CB-B24C-2B27-2ACEDA6DE62C}.Release|Any CPU.Build.0 = Release|Any CPU
		{D7C556AB-EEF1-E1C2-3273-685E805E6AAD}.Debug|Any CPU.ActiveCfg = Debug|Any CPU
		{D7C556AB-EEF1-E1C2-3273-685E805E6AAD}.Debug|Any CPU.Build.0 = Debug|Any CPU
		{D7C556AB-EEF1-E1C2-3273-685E805E6AAD}.Release|Any CPU.ActiveCfg = Release|Any CPU
		{D7C556AB-EEF1-E1C2-3273-685E805E6AAD}.Release|Any CPU.Build.0 = Release|Any CPU
		{69506E04-779A-0E38-0182-35AAFFBEC68E}.Debug|Any CPU.ActiveCfg = Debug|Any CPU
		{69506E04-779A-0E38-0182-35AAFFBEC68E}.Debug|Any CPU.Build.0 = Debug|Any CPU
		{69506E04-779A-0E38-0182-35AAFFBEC68E}.Release|Any CPU.ActiveCfg = Release|Any CPU
		{69506E04-779A-0E38-0182-35AAFFBEC68E}.Release|Any CPU.Build.0 = Release|Any CPU
		{542E535F-0CDF-0252-FEA3-50A9C72EFDCD}.Debug|Any CPU.ActiveCfg = Debug|Any CPU
		{542E535F-0CDF-0252-FEA3-50A9C72EFDCD}.Debug|Any CPU.Build.0 = Debug|Any CPU
		{542E535F-0CDF-0252-FEA3-50A9C72EFDCD}.Release|Any CPU.ActiveCfg = Release|Any CPU
		{542E535F-0CDF-0252-FEA3-50A9C72EFDCD}.Release|Any CPU.Build.0 = Release|Any CPU
		{FA3A1D03-32D8-1481-8020-E41952151DEA}.Debug|Any CPU.ActiveCfg = Debug|Any CPU
		{FA3A1D03-32D8-1481-8020-E41952151DEA}.Debug|Any CPU.Build.0 = Debug|Any CPU
		{FA3A1D03-32D8-1481-8020-E41952151DEA}.Release|Any CPU.ActiveCfg = Release|Any CPU
		{FA3A1D03-32D8-1481-8020-E41952151DEA}.Release|Any CPU.Build.0 = Release|Any CPU
		{4F6FE367-DEFF-1A73-233D-EF93E4C82B0A}.Debug|Any CPU.ActiveCfg = Debug|Any CPU
		{4F6FE367-DEFF-1A73-233D-EF93E4C82B0A}.Debug|Any CPU.Build.0 = Debug|Any CPU
		{4F6FE367-DEFF-1A73-233D-EF93E4C82B0A}.Release|Any CPU.ActiveCfg = Release|Any CPU
		{4F6FE367-DEFF-1A73-233D-EF93E4C82B0A}.Release|Any CPU.Build.0 = Release|Any CPU
		{DB3B9D55-1D02-B845-B50E-8915D2787B5C}.Debug|Any CPU.ActiveCfg = Debug|Any CPU
		{DB3B9D55-1D02-B845-B50E-8915D2787B5C}.Debug|Any CPU.Build.0 = Debug|Any CPU
		{DB3B9D55-1D02-B845-B50E-8915D2787B5C}.Release|Any CPU.ActiveCfg = Release|Any CPU
		{DB3B9D55-1D02-B845-B50E-8915D2787B5C}.Release|Any CPU.Build.0 = Release|Any CPU
		{EB672F6D-14E4-8AFE-40AB-9C26D0DB1825}.Debug|Any CPU.ActiveCfg = Debug|Any CPU
		{EB672F6D-14E4-8AFE-40AB-9C26D0DB1825}.Debug|Any CPU.Build.0 = Debug|Any CPU
		{EB672F6D-14E4-8AFE-40AB-9C26D0DB1825}.Release|Any CPU.ActiveCfg = Release|Any CPU
		{EB672F6D-14E4-8AFE-40AB-9C26D0DB1825}.Release|Any CPU.Build.0 = Release|Any CPU
	EndGlobalSection
	GlobalSection(SolutionProperties) = preSolution
		HideSolutionNode = FALSE
	EndGlobalSection
EndGlobal
