
Microsoft Visual Studio Solution File, Format Version 11.00
# Visual Studio 2010
Project("{FAE04EC0-301F-11D3-BF4B-00C04F79EFBC}") = "Assembly-CSharp", "Assembly-CSharp.csproj", "{a922693a-cbe7-4cb2-2b27-2aceda6de62c}"
EndProject
Project("{FAE04EC0-301F-11D3-BF4B-00C04F79EFBC}") = "Tools", "Tools.csproj", "{05d49518-e580-3bc9-d5fc-7f2ff4567d05}"
EndProject
Project("{FAE04EC0-301F-11D3-BF4B-00C04F79EFBC}") = "NavMeshComponents", "NavMeshComponents.csproj", "{ab56c5d7-f1ee-c2e1-3273-685e805e6aad}"
EndProject
Project("{FAE04EC0-301F-11D3-BF4B-00C04F79EFBC}") = "MapMagic", "MapMagic.csproj", "{046e5069-9a77-380e-0182-35aaffbec68e}"
EndProject
Project("{FAE04EC0-301F-11D3-BF4B-00C04F79EFBC}") = "Tools.Editor", "Tools.Editor.csproj", "{5f532e54-df0c-5202-fea3-50a9c72efdcd}"
EndProject
Project("{FAE04EC0-301F-11D3-BF4B-00C04F79EFBC}") = "NavMeshComponentsEditor", "NavMeshComponentsEditor.csproj", "{031d3afa-d832-8114-8020-e41952151dea}"
EndProject
Project("{FAE04EC0-301F-11D3-BF4B-00C04F79EFBC}") = "MapMagic.Editor", "MapMagic.Editor.csproj", "{67e36f4f-ffde-731a-233d-ef93e4c82b0a}"
EndProject
Project("{FAE04EC0-301F-11D3-BF4B-00C04F79EFBC}") = "Assembly-CSharp-Editor", "Assembly-CSharp-Editor.csproj", "{559d3bdb-021d-45b8-b50e-8915d2787b5c}"
EndProject
Project("{FAE04EC0-301F-11D3-BF4B-00C04F79EFBC}") = "MapMagic.Settings", "MapMagic.Settings.csproj", "{6d2f67eb-e414-fe8a-40ab-9c26d0db1825}"
EndProject
Global
	GlobalSection(SolutionConfigurationPlatforms) = preSolution
		Debug|Any CPU = Debug|Any CPU
		Release|Any CPU = Release|Any CPU
	EndGlobalSection
	GlobalSection(ProjectConfigurationPlatforms) = postSolution
		{a922693a-cbe7-4cb2-2b27-2aceda6de62c}.Debug|Any CPU.ActiveCfg = Debug|Any CPU
		{a922693a-cbe7-4cb2-2b27-2aceda6de62c}.Debug|Any CPU.Build.0 = Debug|Any CPU
		{a922693a-cbe7-4cb2-2b27-2aceda6de62c}.Release|Any CPU.ActiveCfg = Release|Any CPU
		{a922693a-cbe7-4cb2-2b27-2aceda6de62c}.Release|Any CPU.Build.0 = Release|Any CPU
		{05d49518-e580-3bc9-d5fc-7f2ff4567d05}.Debug|Any CPU.ActiveCfg = Debug|Any CPU
		{05d49518-e580-3bc9-d5fc-7f2ff4567d05}.Debug|Any CPU.Build.0 = Debug|Any CPU
		{05d49518-e580-3bc9-d5fc-7f2ff4567d05}.Release|Any CPU.ActiveCfg = Release|Any CPU
		{05d49518-e580-3bc9-d5fc-7f2ff4567d05}.Release|Any CPU.Build.0 = Release|Any CPU
		{ab56c5d7-f1ee-c2e1-3273-685e805e6aad}.Debug|Any CPU.ActiveCfg = Debug|Any CPU
		{ab56c5d7-f1ee-c2e1-3273-685e805e6aad}.Debug|Any CPU.Build.0 = Debug|Any CPU
		{ab56c5d7-f1ee-c2e1-3273-685e805e6aad}.Release|Any CPU.ActiveCfg = Release|Any CPU
		{ab56c5d7-f1ee-c2e1-3273-685e805e6aad}.Release|Any CPU.Build.0 = Release|Any CPU
		{046e5069-9a77-380e-0182-35aaffbec68e}.Debug|Any CPU.ActiveCfg = Debug|Any CPU
		{046e5069-9a77-380e-0182-35aaffbec68e}.Debug|Any CPU.Build.0 = Debug|Any CPU
		{046e5069-9a77-380e-0182-35aaffbec68e}.Release|Any CPU.ActiveCfg = Release|Any CPU
		{046e5069-9a77-380e-0182-35aaffbec68e}.Release|Any CPU.Build.0 = Release|Any CPU
		{5f532e54-df0c-5202-fea3-50a9c72efdcd}.Debug|Any CPU.ActiveCfg = Debug|Any CPU
		{5f532e54-df0c-5202-fea3-50a9c72efdcd}.Debug|Any CPU.Build.0 = Debug|Any CPU
		{5f532e54-df0c-5202-fea3-50a9c72efdcd}.Release|Any CPU.ActiveCfg = Release|Any CPU
		{5f532e54-df0c-5202-fea3-50a9c72efdcd}.Release|Any CPU.Build.0 = Release|Any CPU
		{031d3afa-d832-8114-8020-e41952151dea}.Debug|Any CPU.ActiveCfg = Debug|Any CPU
		{031d3afa-d832-8114-8020-e41952151dea}.Debug|Any CPU.Build.0 = Debug|Any CPU
		{031d3afa-d832-8114-8020-e41952151dea}.Release|Any CPU.ActiveCfg = Release|Any CPU
		{031d3afa-d832-8114-8020-e41952151dea}.Release|Any CPU.Build.0 = Release|Any CPU
		{67e36f4f-ffde-731a-233d-ef93e4c82b0a}.Debug|Any CPU.ActiveCfg = Debug|Any CPU
		{67e36f4f-ffde-731a-233d-ef93e4c82b0a}.Debug|Any CPU.Build.0 = Debug|Any CPU
		{67e36f4f-ffde-731a-233d-ef93e4c82b0a}.Release|Any CPU.ActiveCfg = Release|Any CPU
		{67e36f4f-ffde-731a-233d-ef93e4c82b0a}.Release|Any CPU.Build.0 = Release|Any CPU
		{559d3bdb-021d-45b8-b50e-8915d2787b5c}.Debug|Any CPU.ActiveCfg = Debug|Any CPU
		{559d3bdb-021d-45b8-b50e-8915d2787b5c}.Debug|Any CPU.Build.0 = Debug|Any CPU
		{559d3bdb-021d-45b8-b50e-8915d2787b5c}.Release|Any CPU.ActiveCfg = Release|Any CPU
		{559d3bdb-021d-45b8-b50e-8915d2787b5c}.Release|Any CPU.Build.0 = Release|Any CPU
		{6d2f67eb-e414-fe8a-40ab-9c26d0db1825}.Debug|Any CPU.ActiveCfg = Debug|Any CPU
		{6d2f67eb-e414-fe8a-40ab-9c26d0db1825}.Debug|Any CPU.Build.0 = Debug|Any CPU
		{6d2f67eb-e414-fe8a-40ab-9c26d0db1825}.Release|Any CPU.ActiveCfg = Release|Any CPU
		{6d2f67eb-e414-fe8a-40ab-9c26d0db1825}.Release|Any CPU.Build.0 = Release|Any CPU
	EndGlobalSection
	GlobalSection(SolutionProperties) = preSolution
		HideSolutionNode = FALSE
	EndGlobalSection
EndGlobal
